
Microsoft Visual Studio Solution File, Format Version 12.00
# Visual Studio 15
Project("{FAE04EC0-301F-11D3-BF4B-00C04F79EFBC}") = "Assembly-CSharp", "Assembly-CSharp.csproj", "{0237A6DC-3FAE-116F-824D-5DFA99F8C127}"
EndProject
Project("{FAE04EC0-301F-11D3-BF4B-00C04F79EFBC}") = "Unity.XR.Interaction.Toolkit.Samples.StarterAssets", "Unity.XR.Interaction.Toolkit.Samples.StarterAssets.csproj", "{C09437A2-E940-9CCA-6D9C-F5B5C255E6CB}"
EndProject
Global
	GlobalSection(SolutionConfigurationPlatforms) = preSolution
		Debug|Any CPU = Debug|Any CPU
		Release|Any CPU = Release|Any CPU
	EndGlobalSection
	GlobalSection(ProjectConfigurationPlatforms) = postSolution
		{0237A6DC-3FAE-116F-824D-5DFA99F8C127}.Debug|Any CPU.ActiveCfg = Debug|Any CPU
		{0237A6DC-3FAE-116F-824D-5DFA99F8C127}.Debug|Any CPU.Build.0 = Debug|Any CPU
		{0237A6DC-3FAE-116F-824D-5DFA99F8C127}.Release|Any CPU.ActiveCfg = Release|Any CPU
		{0237A6DC-3FAE-116F-824D-5DFA99F8C127}.Release|Any CPU.Build.0 = Release|Any CPU
		{C09437A2-E940-9CCA-6D9C-F5B5C255E6CB}.Debug|Any CPU.ActiveCfg = Debug|Any CPU
		{C09437A2-E940-9CCA-6D9C-F5B5C255E6CB}.Debug|Any CPU.Build.0 = Debug|Any CPU
		{C09437A2-E940-9CCA-6D9C-F5B5C255E6CB}.Release|Any CPU.ActiveCfg = Release|Any CPU
		{C09437A2-E940-9CCA-6D9C-F5B5C255E6CB}.Release|Any CPU.Build.0 = Release|Any CPU
	EndGlobalSection
	GlobalSection(SolutionProperties) = preSolution
		HideSolutionNode = FALSE
	EndGlobalSection
EndGlobal
